
Microsoft Visual Studio Solution File, Format Version 12.00
# Visual Studio Version 17
VisualStudioVersion = 17.1.32328.378
MinimumVisualStudioVersion = 10.0.40219.1
Project("{9A19103F-16F7-4668-BE54-9A1E7A4F7556}") = "BellisimoPizza.Service", "BellissimoPizza.Service\BellisimoPizza.Service.csproj", "{EEA0B796-AC09-4A06-BD9D-BAC863A0A30C}"
EndProject
Project("{9A19103F-16F7-4668-BE54-9A1E7A4F7556}") = "BellisimoPizza.Domain", "BellisimoPizza.Domain\BellisimoPizza.Domain.csproj", "{195B58CF-6999-44A1-855A-A69C7D90A3C9}"
EndProject
Project("{9A19103F-16F7-4668-BE54-9A1E7A4F7556}") = "BellisimoPizza.Data", "BellisimoPizza.Data\BellisimoPizza.Data.csproj", "{C8D60007-2A41-49C3-879E-AACC4F98BF19}"
EndProject
Project("{FAE04EC0-301F-11D3-BF4B-00C04F79EFBC}") = "BellisimoPizza.Api", "BellisimoPizza.Api\BellisimoPizza.Api.csproj", "{054F0999-A44A-445A-8FE6-62154075F541}"
EndProject
Global
	GlobalSection(SolutionConfigurationPlatforms) = preSolution
		Debug|Any CPU = Debug|Any CPU
		Release|Any CPU = Release|Any CPU
	EndGlobalSection
	GlobalSection(ProjectConfigurationPlatforms) = postSolution
		{EEA0B796-AC09-4A06-BD9D-BAC863A0A30C}.Debug|Any CPU.ActiveCfg = Debug|Any CPU
		{EEA0B796-AC09-4A06-BD9D-BAC863A0A30C}.Debug|Any CPU.Build.0 = Debug|Any CPU
		{EEA0B796-AC09-4A06-BD9D-BAC863A0A30C}.Release|Any CPU.ActiveCfg = Release|Any CPU
		{EEA0B796-AC09-4A06-BD9D-BAC863A0A30C}.Release|Any CPU.Build.0 = Release|Any CPU
		{195B58CF-6999-44A1-855A-A69C7D90A3C9}.Debug|Any CPU.ActiveCfg = Debug|Any CPU
		{195B58CF-6999-44A1-855A-A69C7D90A3C9}.Debug|Any CPU.Build.0 = Debug|Any CPU
		{195B58CF-6999-44A1-855A-A69C7D90A3C9}.Release|Any CPU.ActiveCfg = Release|Any CPU
		{195B58CF-6999-44A1-855A-A69C7D90A3C9}.Release|Any CPU.Build.0 = Release|Any CPU
		{C8D60007-2A41-49C3-879E-AACC4F98BF19}.Debug|Any CPU.ActiveCfg = Debug|Any CPU
		{C8D60007-2A41-49C3-879E-AACC4F98BF19}.Debug|Any CPU.Build.0 = Debug|Any CPU
		{C8D60007-2A41-49C3-879E-AACC4F98BF19}.Release|Any CPU.ActiveCfg = Release|Any CPU
		{C8D60007-2A41-49C3-879E-AACC4F98BF19}.Release|Any CPU.Build.0 = Release|Any CPU
		{054F0999-A44A-445A-8FE6-62154075F541}.Debug|Any CPU.ActiveCfg = Debug|Any CPU
		{054F0999-A44A-445A-8FE6-62154075F541}.Debug|Any CPU.Build.0 = Debug|Any CPU
		{054F0999-A44A-445A-8FE6-62154075F541}.Release|Any CPU.ActiveCfg = Release|Any CPU
		{054F0999-A44A-445A-8FE6-62154075F541}.Release|Any CPU.Build.0 = Release|Any CPU
	EndGlobalSection
	GlobalSection(SolutionProperties) = preSolution
		HideSolutionNode = FALSE
	EndGlobalSection
	GlobalSection(ExtensibilityGlobals) = postSolution
		SolutionGuid = {9E72350D-98E8-4573-8F2D-98D68AD2DA55}
	EndGlobalSection
EndGlobal
